
Microsoft Visual Studio Solution File, Format Version 12.00
# Visual Studio Version 16
VisualStudioVersion = 16.0.31702.278
MinimumVisualStudioVersion = 10.0.40219.1
Project("{8BC9CEB8-8B4A-11D0-8D11-00A0C91BC942}") = "SFML_TEST_hkj", "SFML_TEST_hkj\SFML_TEST_hkj.vcxproj", "{BB17C96C-B685-4250-A87C-418D2B2EEFCD}"
EndProject
Global
	GlobalSection(SolutionConfigurationPlatforms) = preSolution
		Debug|x64 = Debug|x64
		Debug|x86 = Debug|x86
		Release|x64 = Release|x64
		Release|x86 = Release|x86
	EndGlobalSection
	GlobalSection(ProjectConfigurationPlatforms) = postSolution
		{BB17C96C-B685-4250-A87C-418D2B2EEFCD}.Debug|x64.ActiveCfg = Debug|x64
		{BB17C96C-B685-4250-A87C-418D2B2EEFCD}.Debug|x64.Build.0 = Debug|x64
		{BB17C96C-B685-4250-A87C-418D2B2EEFCD}.Debug|x86.ActiveCfg = Debug|Win32
		{BB17C96C-B685-4250-A87C-418D2B2EEFCD}.Debug|x86.Build.0 = Debug|Win32
		{BB17C96C-B685-4250-A87C-418D2B2EEFCD}.Release|x64.ActiveCfg = Release|x64
		{BB17C96C-B685-4250-A87C-418D2B2EEFCD}.Release|x64.Build.0 = Release|x64
		{BB17C96C-B685-4250-A87C-418D2B2EEFCD}.Release|x86.ActiveCfg = Release|Win32
		{BB17C96C-B685-4250-A87C-418D2B2EEFCD}.Release|x86.Build.0 = Release|Win32
	EndGlobalSection
	GlobalSection(SolutionProperties) = preSolution
		HideSolutionNode = FALSE
	EndGlobalSection
	GlobalSection(ExtensibilityGlobals) = postSolution
		SolutionGuid = {3EF87151-2D16-4D5D-A5F9-B4C7068B9164}
	EndGlobalSection
EndGlobal
